
Microsoft Visual Studio Solution File, Format Version 12.00
# Visual Studio Version 17
VisualStudioVersion = 17.8.34316.72
MinimumVisualStudioVersion = 10.0.40219.1
Project("{FAE04EC0-301F-11D3-BF4B-00C04F79EFBC}") = "Proiect Licenta", "Proiect Licenta\Proiect Licenta.csproj", "{0ACBC8EF-AFE3-4F47-9E74-775DF584CCF8}"
EndProject
Global
	GlobalSection(SolutionConfigurationPlatforms) = preSolution
		Debug|Any CPU = Debug|Any CPU
		Release|Any CPU = Release|Any CPU
	EndGlobalSection
	GlobalSection(ProjectConfigurationPlatforms) = postSolution
		{0ACBC8EF-AFE3-4F47-9E74-775DF584CCF8}.Debug|Any CPU.ActiveCfg = Debug|Any CPU
		{0ACBC8EF-AFE3-4F47-9E74-775DF584CCF8}.Debug|Any CPU.Build.0 = Debug|Any CPU
		{0ACBC8EF-AFE3-4F47-9E74-775DF584CCF8}.Release|Any CPU.ActiveCfg = Release|Any CPU
		{0ACBC8EF-AFE3-4F47-9E74-775DF584CCF8}.Release|Any CPU.Build.0 = Release|Any CPU
	EndGlobalSection
	GlobalSection(SolutionProperties) = preSolution
		HideSolutionNode = FALSE
	EndGlobalSection
	GlobalSection(ExtensibilityGlobals) = postSolution
		SolutionGuid = {08611E8C-8DFB-48E5-8A6B-AAC944783AA5}
	EndGlobalSection
EndGlobal
